
Microsoft Visual Studio Solution File, Format Version 12.00
# Visual Studio Version 17
VisualStudioVersion = 17.0.31314.256
MinimumVisualStudioVersion = 10.0.40219.1
Project("{2150E333-8FDC-42A3-9474-1A3956D46DE8}") = "Automation", "Automation", "{0BFBE63A-B98A-3411-8EEB-8918FEC737B3}"
EndProject
Project("{2150E333-8FDC-42A3-9474-1A3956D46DE8}") = "Engine", "Engine", "{233774A8-CC9D-3FA9-86D1-90573E92B704}"
EndProject
Project("{2150E333-8FDC-42A3-9474-1A3956D46DE8}") = "Games", "Games", "{DE1F8B53-6C02-3C13-9101-A7C8D96F3FF6}"
EndProject
Project("{2150E333-8FDC-42A3-9474-1A3956D46DE8}") = "Programs", "Programs", "{A338B9E2-A559-34BE-A46D-F789DD488FAD}"
EndProject
Project("{2150E333-8FDC-42A3-9474-1A3956D46DE8}") = "Rules", "Rules", "{C2F57ECE-B26F-39D8-BDA7-C1D40BD8F180}"
EndProject
Project("{2150E333-8FDC-42A3-9474-1A3956D46DE8}") = "Shared", "Shared", "{57713676-9DBE-331C-AD10-26632AC9EE0C}"
EndProject
Project("{2150E333-8FDC-42A3-9474-1A3956D46DE8}") = "UnrealBuildTool.Plugins", "UnrealBuildTool.Plugins", "{7B5CFB44-F0FB-31DF-AE62-C3C096A29A7B}"
EndProject
Project("{8BC9CEB8-8B4A-11D0-8D11-00A0C91BC942}") = "project_cantina", "Intermediate\ProjectFiles\project_cantina.vcxproj", "{98CBD543-F39C-39F5-B7B8-EED6FED3E80C}"
	ProjectSection(ProjectDependencies) = postProject
		{9BA5C809-C4D9-3F4C-830D-610AB39710C1} = {9BA5C809-C4D9-3F4C-830D-610AB39710C1}
	EndProjectSection
EndProject
Project("{8BC9CEB8-8B4A-11D0-8D11-00A0C91BC942}") = "UE5", "Intermediate\ProjectFiles\UE5.vcxproj", "{6CF17A03-BFAD-39E4-B7DD-18182E557EDD}"
EndProject
Project("{FAE04EC0-301F-11D3-BF4B-00C04F79EFBC}") = "UnrealBuildTool", "..\..\unreal\UE_5.3\Engine\Source\Programs\UnrealBuildTool\UnrealBuildTool.csproj", "{9BA5C809-C4D9-3F4C-830D-610AB39710C1}"
EndProject
Project("{FAE04EC0-301F-11D3-BF4B-00C04F79EFBC}") = "AutomationTool", "..\..\unreal\UE_5.3\Engine\Source\Programs\AutomationTool\AutomationTool.csproj", "{185A37C7-638F-3053-B829-57EE74F660AE}"
EndProject
Project("{FAE04EC0-301F-11D3-BF4B-00C04F79EFBC}") = "Android.Automation", "..\..\unreal\UE_5.3\Engine\Source\Programs\AutomationTool\Android\Android.Automation.csproj", "{CFE7D222-986C-393C-9316-786B55B5BD17}"
EndProject
Project("{FAE04EC0-301F-11D3-BF4B-00C04F79EFBC}") = "Apple.Automation", "..\..\unreal\UE_5.3\Engine\Source\Programs\AutomationTool\Apple\Apple.Automation.csproj", "{65D6584D-3B6B-3A88-9E7E-9D394EA74C83}"
EndProject
Project("{FAE04EC0-301F-11D3-BF4B-00C04F79EFBC}") = "AutomationUtils.Automation", "..\..\unreal\UE_5.3\Engine\Source\Programs\AutomationTool\AutomationUtils\AutomationUtils.Automation.csproj", "{A7F42749-6007-32B7-B435-F08838DF244C}"
EndProject
Project("{FAE04EC0-301F-11D3-BF4B-00C04F79EFBC}") = "BuildGraph.Automation", "..\..\unreal\UE_5.3\Engine\Source\Programs\AutomationTool\BuildGraph\BuildGraph.Automation.csproj", "{A84C06BF-AA9D-386E-A8F7-2D86DFD12C3D}"
EndProject
Project("{FAE04EC0-301F-11D3-BF4B-00C04F79EFBC}") = "CookedEditor.Automation", "..\..\unreal\UE_5.3\Engine\Source\Programs\AutomationTool\CookedEditor\CookedEditor.Automation.csproj", "{41C24E54-2098-37F1-A28C-BA747999CE9D}"
EndProject
Project("{FAE04EC0-301F-11D3-BF4B-00C04F79EFBC}") = "CrowdinLocalization.Automation", "..\..\unreal\UE_5.3\Engine\Source\Programs\AutomationTool\CrowdinLocalization\CrowdinLocalization.Automation.csproj", "{6293DC11-2453-3BB3-9BE9-45217B2A381A}"
EndProject
Project("{FAE04EC0-301F-11D3-BF4B-00C04F79EFBC}") = "Gauntlet.Automation", "..\..\unreal\UE_5.3\Engine\Source\Programs\AutomationTool\Gauntlet\Gauntlet.Automation.csproj", "{D3150E28-7CC8-39F5-B910-B840EBA3BAD2}"
EndProject
Project("{FAE04EC0-301F-11D3-BF4B-00C04F79EFBC}") = "IOS.Automation", "..\..\unreal\UE_5.3\Engine\Source\Programs\AutomationTool\IOS\IOS.Automation.csproj", "{767DC152-702A-3EC5-9353-69EB81D4022C}"
EndProject
Project("{FAE04EC0-301F-11D3-BF4B-00C04F79EFBC}") = "Linux.Automation", "..\..\unreal\UE_5.3\Engine\Source\Programs\AutomationTool\Linux\Linux.Automation.csproj", "{007DD94C-B267-3E3D-8DE9-68F5462DF9BD}"
EndProject
Project("{FAE04EC0-301F-11D3-BF4B-00C04F79EFBC}") = "Localization.Automation", "..\..\unreal\UE_5.3\Engine\Source\Programs\AutomationTool\Localization\Localization.Automation.csproj", "{79E63EBD-AE0B-3E8A-A9D9-2C807CA3839D}"
EndProject
Project("{FAE04EC0-301F-11D3-BF4B-00C04F79EFBC}") = "LowLevelTests.Automation", "..\..\unreal\UE_5.3\Engine\Source\Programs\AutomationTool\LowLevelTests\LowLevelTests.Automation.csproj", "{11091C7B-250E-3374-A15A-9CFB10B6E5AC}"
EndProject
Project("{FAE04EC0-301F-11D3-BF4B-00C04F79EFBC}") = "Mac.Automation", "..\..\unreal\UE_5.3\Engine\Source\Programs\AutomationTool\Mac\Mac.Automation.csproj", "{1B2E16F9-1FAD-3B30-9495-83EF367AAA26}"
EndProject
Project("{FAE04EC0-301F-11D3-BF4B-00C04F79EFBC}") = "OneSkyLocalization.Automation", "..\..\unreal\UE_5.3\Engine\Source\Programs\AutomationTool\OneSkyLocalization\OneSkyLocalization.Automation.csproj", "{08D212FC-6D87-3F8B-A973-F3258A73BE13}"
EndProject
Project("{FAE04EC0-301F-11D3-BF4B-00C04F79EFBC}") = "AutomationScripts.Automation", "..\..\unreal\UE_5.3\Engine\Source\Programs\AutomationTool\Scripts\AutomationScripts.Automation.csproj", "{5EDCC8B2-9589-3323-8393-7029E58F7A07}"
EndProject
Project("{FAE04EC0-301F-11D3-BF4B-00C04F79EFBC}") = "SmartlingLocalization.Automation", "..\..\unreal\UE_5.3\Engine\Source\Programs\AutomationTool\SmartlingLocalization\SmartlingLocalization.Automation.csproj", "{50C306EC-22AE-3277-9DFC-01C8203FC12B}"
EndProject
Project("{FAE04EC0-301F-11D3-BF4B-00C04F79EFBC}") = "SteamDeck.Automation", "..\..\unreal\UE_5.3\Engine\Source\Programs\AutomationTool\SteamDeck\SteamDeck.Automation.csproj", "{4ECF0E89-651F-3FF1-8C41-915D9B23C23B}"
EndProject
Project("{FAE04EC0-301F-11D3-BF4B-00C04F79EFBC}") = "TVOS.Automation", "..\..\unreal\UE_5.3\Engine\Source\Programs\AutomationTool\TVOS\TVOS.Automation.csproj", "{754C9439-1064-37F3-9392-5FEB1A66EE83}"
EndProject
Project("{FAE04EC0-301F-11D3-BF4B-00C04F79EFBC}") = "Turnkey.Automation", "..\..\unreal\UE_5.3\Engine\Source\Programs\AutomationTool\Turnkey\Turnkey.Automation.csproj", "{92637B05-F5BE-304F-A4D2-C420590E3E9A}"
EndProject
Project("{FAE04EC0-301F-11D3-BF4B-00C04F79EFBC}") = "Win.Automation", "..\..\unreal\UE_5.3\Engine\Source\Programs\AutomationTool\Win\Win.Automation.csproj", "{FA058199-C741-3FB3-AF87-CF19C5C432A5}"
EndProject
Project("{FAE04EC0-301F-11D3-BF4B-00C04F79EFBC}") = "XLocLocalization.Automation", "..\..\unreal\UE_5.3\Engine\Source\Programs\AutomationTool\XLocLocalization\XLocLocalization.Automation.csproj", "{FA040A3C-39B2-33D3-9B93-22AEF9274845}"
EndProject
Project("{FAE04EC0-301F-11D3-BF4B-00C04F79EFBC}") = "ScriptGeneratorUbtPlugin.ubtplugin", "..\..\unreal\UE_5.3\Engine\Plugins\ScriptPlugin\Source\ScriptGeneratorUbtPlugin\ScriptGeneratorUbtPlugin.ubtplugin.csproj", "{CA1ED7AF-E092-39A3-8A1E-4159C1F7E469}"
EndProject
Project("{FAE04EC0-301F-11D3-BF4B-00C04F79EFBC}") = "EpicGames.AspNet", "..\..\unreal\UE_5.3\Engine\Source\Programs\Shared\EpicGames.AspNet\EpicGames.AspNet.csproj", "{5975686E-480D-38D2-8EFC-11A44A6DC7C9}"
EndProject
Project("{FAE04EC0-301F-11D3-BF4B-00C04F79EFBC}") = "EpicGames.Box", "..\..\unreal\UE_5.3\Engine\Source\Programs\Shared\EpicGames.Box\EpicGames.Box.csproj", "{803D91FA-E6EE-378E-B7A0-D29B47B2140C}"
EndProject
Project("{FAE04EC0-301F-11D3-BF4B-00C04F79EFBC}") = "EpicGames.Build", "..\..\unreal\UE_5.3\Engine\Source\Programs\Shared\EpicGames.Build\EpicGames.Build.csproj", "{66EB05B0-239F-3F2B-B5FE-46657F2F8B2D}"
EndProject
Project("{FAE04EC0-301F-11D3-BF4B-00C04F79EFBC}") = "EpicGames.BuildGraph", "..\..\unreal\UE_5.3\Engine\Source\Programs\Shared\EpicGames.BuildGraph\EpicGames.BuildGraph.csproj", "{90DBEC43-E609-32F8-A6B7-D8C5326EF1A7}"
EndProject
Project("{FAE04EC0-301F-11D3-BF4B-00C04F79EFBC}") = "EpicGames.Core", "..\..\unreal\UE_5.3\Engine\Source\Programs\Shared\EpicGames.Core\EpicGames.Core.csproj", "{A0C6035C-68B3-3BFD-B6E3-7F9797680B76}"
EndProject
Project("{FAE04EC0-301F-11D3-BF4B-00C04F79EFBC}") = "EpicGames.Horde", "..\..\unreal\UE_5.3\Engine\Source\Programs\Shared\EpicGames.Horde\EpicGames.Horde.csproj", "{EBD9901C-A250-3C73-8A89-8ED97CB12E73}"
EndProject
Project("{FAE04EC0-301F-11D3-BF4B-00C04F79EFBC}") = "EpicGames.IoHash", "..\..\unreal\UE_5.3\Engine\Source\Programs\Shared\EpicGames.IoHash\EpicGames.IoHash.csproj", "{F7A33318-99F5-3746-A175-759E71D0B6DB}"
EndProject
Project("{FAE04EC0-301F-11D3-BF4B-00C04F79EFBC}") = "EpicGames.Jupiter", "..\..\unreal\UE_5.3\Engine\Source\Programs\Shared\EpicGames.Jupiter\EpicGames.Jupiter.csproj", "{1FE3C555-9F6A-301E-95D3-868414A85FE6}"
EndProject
Project("{FAE04EC0-301F-11D3-BF4B-00C04F79EFBC}") = "EpicGames.MongoDB", "..\..\unreal\UE_5.3\Engine\Source\Programs\Shared\EpicGames.MongoDB\EpicGames.MongoDB.csproj", "{EA49F7AB-9AB4-3541-BED0-044DBCF4C863}"
EndProject
Project("{FAE04EC0-301F-11D3-BF4B-00C04F79EFBC}") = "EpicGames.MsBuild", "..\..\unreal\UE_5.3\Engine\Source\Programs\Shared\EpicGames.MsBuild\EpicGames.MsBuild.csproj", "{9796B0EF-6DF6-3EA0-9577-14FFE1AC84E9}"
EndProject
Project("{FAE04EC0-301F-11D3-BF4B-00C04F79EFBC}") = "EpicGames.OIDC", "..\..\unreal\UE_5.3\Engine\Source\Programs\Shared\EpicGames.OIDC\EpicGames.OIDC.csproj", "{8D8A3E67-13C3-340C-9FCA-131554F224AC}"
EndProject
Project("{FAE04EC0-301F-11D3-BF4B-00C04F79EFBC}") = "EpicGames.Oodle", "..\..\unreal\UE_5.3\Engine\Source\Programs\Shared\EpicGames.Oodle\EpicGames.Oodle.csproj", "{47C8714D-497A-349E-8C62-D56B0BC1F389}"
EndProject
Project("{FAE04EC0-301F-11D3-BF4B-00C04F79EFBC}") = "EpicGames.Perforce", "..\..\unreal\UE_5.3\Engine\Source\Programs\Shared\EpicGames.Perforce\EpicGames.Perforce.csproj", "{F5885D21-B974-3E7E-B5E4-C3E3C013598A}"
EndProject
Project("{FAE04EC0-301F-11D3-BF4B-00C04F79EFBC}") = "EpicGames.Perforce.Fixture", "..\..\unreal\UE_5.3\Engine\Source\Programs\Shared\EpicGames.Perforce.Fixture\EpicGames.Perforce.Fixture.csproj", "{9B5CB3D9-61A1-35B3-A8FD-56D1D0710D20}"
EndProject
Project("{FAE04EC0-301F-11D3-BF4B-00C04F79EFBC}") = "EpicGames.Perforce.Managed", "..\..\unreal\UE_5.3\Engine\Source\Programs\Shared\EpicGames.Perforce.Managed\EpicGames.Perforce.Managed.csproj", "{22F80578-0074-346E-A898-CA9A62279EB2}"
EndProject
Project("{FAE04EC0-301F-11D3-BF4B-00C04F79EFBC}") = "EpicGames.Redis", "..\..\unreal\UE_5.3\Engine\Source\Programs\Shared\EpicGames.Redis\EpicGames.Redis.csproj", "{99BE4D73-D61D-3B74-B923-9760FB39CB02}"
EndProject
Project("{FAE04EC0-301F-11D3-BF4B-00C04F79EFBC}") = "EpicGames.Serialization", "..\..\unreal\UE_5.3\Engine\Source\Programs\Shared\EpicGames.Serialization\EpicGames.Serialization.csproj", "{720F6B32-B4EC-3AD7-9695-C1DED4A281ED}"
EndProject
Project("{FAE04EC0-301F-11D3-BF4B-00C04F79EFBC}") = "EpicGames.Slack", "..\..\unreal\UE_5.3\Engine\Source\Programs\Shared\EpicGames.Slack\EpicGames.Slack.csproj", "{42841CE4-7B8B-3CF8-9EEE-78207EA5C627}"
EndProject
Project("{FAE04EC0-301F-11D3-BF4B-00C04F79EFBC}") = "EpicGames.Tracing", "..\..\unreal\UE_5.3\Engine\Source\Programs\Shared\EpicGames.Tracing\EpicGames.Tracing.csproj", "{1D6C7DBF-B499-3A1D-84E4-4CE0B5CB2577}"
EndProject
Project("{FAE04EC0-301F-11D3-BF4B-00C04F79EFBC}") = "EpicGames.UHT", "..\..\unreal\UE_5.3\Engine\Source\Programs\Shared\EpicGames.UHT\EpicGames.UHT.csproj", "{91EFD1D5-2102-3512-BF21-D8EC73C1569D}"
EndProject
Project("{FAE04EC0-301F-11D3-BF4B-00C04F79EFBC}") = "project_cantinaModuleRules", "Intermediate\Build\BuildRulesProjects\project_cantinaModuleRules\project_cantinaModuleRules.csproj", "{E0DD4A4D-4A0D-3ED1-8936-6EC0BE4046E9}"
EndProject
Project("{FAE04EC0-301F-11D3-BF4B-00C04F79EFBC}") = "UE5ProgramRules", "..\..\unreal\UE_5.3\Engine\Intermediate\Build\BuildRulesProjects\UE5ProgramRules\UE5ProgramRules.csproj", "{7D82E700-CB52-340D-AFEF-D8E8414ADC48}"
EndProject
Project("{FAE04EC0-301F-11D3-BF4B-00C04F79EFBC}") = "UE5Rules", "..\..\unreal\UE_5.3\Engine\Intermediate\Build\BuildRulesProjects\UE5Rules\UE5Rules.csproj", "{7AD75744-1B0C-33EE-9413-BBEEF8D44514}"
EndProject
Project("{2150E333-8FDC-42A3-9474-1A3956D46DE8}") = "Visualizers", "Visualizers", "{1CCEC849-CC72-4C59-8C36-2F7C38706D4C}"
	ProjectSection(SolutionItems) = preProject
		..\..\unreal\UE_5.3\Engine\Extras\VisualStudioDebugging\Unreal.natvis = ..\..\unreal\UE_5.3\Engine\Extras\VisualStudioDebugging\Unreal.natvis
	EndProjectSection
EndProject
Global
	GlobalSection(SolutionConfigurationPlatforms) = preSolution
		DebugGame Editor|Win64 = DebugGame Editor|Win64
		DebugGame|Win64 = DebugGame|Win64
		Development Editor|Win64 = Development Editor|Win64
		Development|Win64 = Development|Win64
		Shipping|Win64 = Shipping|Win64
	EndGlobalSection
	# UnrealVS Section
	GlobalSection(ddbf523f-7eb6-4887-bd51-85a714ff87eb) = preSolution
		AvailablePlatforms=Win64
	EndGlobalSection
	GlobalSection(ProjectConfigurationPlatforms) = postSolution
		{98CBD543-F39C-39F5-B7B8-EED6FED3E80C}.DebugGame Editor|Win64.ActiveCfg = DebugGame_Editor|x64
		{98CBD543-F39C-39F5-B7B8-EED6FED3E80C}.DebugGame Editor|Win64.Build.0 = DebugGame_Editor|x64
		{98CBD543-F39C-39F5-B7B8-EED6FED3E80C}.DebugGame|Win64.ActiveCfg = DebugGame|x64
		{98CBD543-F39C-39F5-B7B8-EED6FED3E80C}.DebugGame|Win64.Build.0 = DebugGame|x64
		{98CBD543-F39C-39F5-B7B8-EED6FED3E80C}.Development Editor|Win64.ActiveCfg = Development_Editor|x64
		{98CBD543-F39C-39F5-B7B8-EED6FED3E80C}.Development Editor|Win64.Build.0 = Development_Editor|x64
		{98CBD543-F39C-39F5-B7B8-EED6FED3E80C}.Development|Win64.ActiveCfg = Development|x64
		{98CBD543-F39C-39F5-B7B8-EED6FED3E80C}.Development|Win64.Build.0 = Development|x64
		{98CBD543-F39C-39F5-B7B8-EED6FED3E80C}.Shipping|Win64.ActiveCfg = Shipping|x64
		{98CBD543-F39C-39F5-B7B8-EED6FED3E80C}.Shipping|Win64.Build.0 = Shipping|x64
		{6CF17A03-BFAD-39E4-B7DD-18182E557EDD}.DebugGame Editor|Win64.ActiveCfg = BuiltWithUnrealBuildTool|Win64
		{6CF17A03-BFAD-39E4-B7DD-18182E557EDD}.DebugGame|Win64.ActiveCfg = BuiltWithUnrealBuildTool|Win64
		{6CF17A03-BFAD-39E4-B7DD-18182E557EDD}.Development Editor|Win64.ActiveCfg = BuiltWithUnrealBuildTool|Win64
		{6CF17A03-BFAD-39E4-B7DD-18182E557EDD}.Development|Win64.ActiveCfg = BuiltWithUnrealBuildTool|Win64
		{6CF17A03-BFAD-39E4-B7DD-18182E557EDD}.Shipping|Win64.ActiveCfg = BuiltWithUnrealBuildTool|Win64
		{9BA5C809-C4D9-3F4C-830D-610AB39710C1}.DebugGame Editor|Win64.ActiveCfg = Development|Any CPU
		{9BA5C809-C4D9-3F4C-830D-610AB39710C1}.DebugGame Editor|Win64.Build.0 = Development|Any CPU
		{9BA5C809-C4D9-3F4C-830D-610AB39710C1}.DebugGame|Win64.ActiveCfg = Development|Any CPU
		{9BA5C809-C4D9-3F4C-830D-610AB39710C1}.DebugGame|Win64.Build.0 = Development|Any CPU
		{9BA5C809-C4D9-3F4C-830D-610AB39710C1}.Development Editor|Win64.ActiveCfg = Development|Any CPU
		{9BA5C809-C4D9-3F4C-830D-610AB39710C1}.Development Editor|Win64.Build.0 = Development|Any CPU
		{9BA5C809-C4D9-3F4C-830D-610AB39710C1}.Development|Win64.ActiveCfg = Development|Any CPU
		{9BA5C809-C4D9-3F4C-830D-610AB39710C1}.Development|Win64.Build.0 = Development|Any CPU
		{9BA5C809-C4D9-3F4C-830D-610AB39710C1}.Shipping|Win64.ActiveCfg = Development|Any CPU
		{9BA5C809-C4D9-3F4C-830D-610AB39710C1}.Shipping|Win64.Build.0 = Development|Any CPU
		{185A37C7-638F-3053-B829-57EE74F660AE}.DebugGame Editor|Win64.ActiveCfg = Development|Any CPU
		{185A37C7-638F-3053-B829-57EE74F660AE}.DebugGame Editor|Win64.Build.0 = Development|Any CPU
		{185A37C7-638F-3053-B829-57EE74F660AE}.DebugGame|Win64.ActiveCfg = Development|Any CPU
		{185A37C7-638F-3053-B829-57EE74F660AE}.DebugGame|Win64.Build.0 = Development|Any CPU
		{185A37C7-638F-3053-B829-57EE74F660AE}.Development Editor|Win64.ActiveCfg = Development|Any CPU
		{185A37C7-638F-3053-B829-57EE74F660AE}.Development Editor|Win64.Build.0 = Development|Any CPU
		{185A37C7-638F-3053-B829-57EE74F660AE}.Development|Win64.ActiveCfg = Development|Any CPU
		{185A37C7-638F-3053-B829-57EE74F660AE}.Development|Win64.Build.0 = Development|Any CPU
		{185A37C7-638F-3053-B829-57EE74F660AE}.Shipping|Win64.ActiveCfg = Development|Any CPU
		{185A37C7-638F-3053-B829-57EE74F660AE}.Shipping|Win64.Build.0 = Development|Any CPU
		{CFE7D222-986C-393C-9316-786B55B5BD17}.DebugGame Editor|Win64.ActiveCfg = Development|Any CPU
		{CFE7D222-986C-393C-9316-786B55B5BD17}.DebugGame Editor|Win64.Build.0 = Development|Any CPU
		{CFE7D222-986C-393C-9316-786B55B5BD17}.DebugGame|Win64.ActiveCfg = Development|Any CPU
		{CFE7D222-986C-393C-9316-786B55B5BD17}.DebugGame|Win64.Build.0 = Development|Any CPU
		{CFE7D222-986C-393C-9316-786B55B5BD17}.Development Editor|Win64.ActiveCfg = Development|Any CPU
		{CFE7D222-986C-393C-9316-786B55B5BD17}.Development Editor|Win64.Build.0 = Development|Any CPU
		{CFE7D222-986C-393C-9316-786B55B5BD17}.Development|Win64.ActiveCfg = Development|Any CPU
		{CFE7D222-986C-393C-9316-786B55B5BD17}.Development|Win64.Build.0 = Development|Any CPU
		{CFE7D222-986C-393C-9316-786B55B5BD17}.Shipping|Win64.ActiveCfg = Development|Any CPU
		{CFE7D222-986C-393C-9316-786B55B5BD17}.Shipping|Win64.Build.0 = Development|Any CPU
		{65D6584D-3B6B-3A88-9E7E-9D394EA74C83}.DebugGame Editor|Win64.ActiveCfg = Development|Any CPU
		{65D6584D-3B6B-3A88-9E7E-9D394EA74C83}.DebugGame Editor|Win64.Build.0 = Development|Any CPU
		{65D6584D-3B6B-3A88-9E7E-9D394EA74C83}.DebugGame|Win64.ActiveCfg = Development|Any CPU
		{65D6584D-3B6B-3A88-9E7E-9D394EA74C83}.DebugGame|Win64.Build.0 = Development|Any CPU
		{65D6584D-3B6B-3A88-9E7E-9D394EA74C83}.Development Editor|Win64.ActiveCfg = Development|Any CPU
		{65D6584D-3B6B-3A88-9E7E-9D394EA74C83}.Development Editor|Win64.Build.0 = Development|Any CPU
		{65D6584D-3B6B-3A88-9E7E-9D394EA74C83}.Development|Win64.ActiveCfg = Development|Any CPU
		{65D6584D-3B6B-3A88-9E7E-9D394EA74C83}.Development|Win64.Build.0 = Development|Any CPU
		{65D6584D-3B6B-3A88-9E7E-9D394EA74C83}.Shipping|Win64.ActiveCfg = Development|Any CPU
		{65D6584D-3B6B-3A88-9E7E-9D394EA74C83}.Shipping|Win64.Build.0 = Development|Any CPU
		{A7F42749-6007-32B7-B435-F08838DF244C}.DebugGame Editor|Win64.ActiveCfg = Development|Any CPU
		{A7F42749-6007-32B7-B435-F08838DF244C}.DebugGame Editor|Win64.Build.0 = Development|Any CPU
		{A7F42749-6007-32B7-B435-F08838DF244C}.DebugGame|Win64.ActiveCfg = Development|Any CPU
		{A7F42749-6007-32B7-B435-F08838DF244C}.DebugGame|Win64.Build.0 = Development|Any CPU
		{A7F42749-6007-32B7-B435-F08838DF244C}.Development Editor|Win64.ActiveCfg = Development|Any CPU
		{A7F42749-6007-32B7-B435-F08838DF244C}.Development Editor|Win64.Build.0 = Development|Any CPU
		{A7F42749-6007-32B7-B435-F08838DF244C}.Development|Win64.ActiveCfg = Development|Any CPU
		{A7F42749-6007-32B7-B435-F08838DF244C}.Development|Win64.Build.0 = Development|Any CPU
		{A7F42749-6007-32B7-B435-F08838DF244C}.Shipping|Win64.ActiveCfg = Development|Any CPU
		{A7F42749-6007-32B7-B435-F08838DF244C}.Shipping|Win64.Build.0 = Development|Any CPU
		{A84C06BF-AA9D-386E-A8F7-2D86DFD12C3D}.DebugGame Editor|Win64.ActiveCfg = Development|Any CPU
		{A84C06BF-AA9D-386E-A8F7-2D86DFD12C3D}.DebugGame Editor|Win64.Build.0 = Development|Any CPU
		{A84C06BF-AA9D-386E-A8F7-2D86DFD12C3D}.DebugGame|Win64.ActiveCfg = Development|Any CPU
		{A84C06BF-AA9D-386E-A8F7-2D86DFD12C3D}.DebugGame|Win64.Build.0 = Development|Any CPU
		{A84C06BF-AA9D-386E-A8F7-2D86DFD12C3D}.Development Editor|Win64.ActiveCfg = Development|Any CPU
		{A84C06BF-AA9D-386E-A8F7-2D86DFD12C3D}.Development Editor|Win64.Build.0 = Development|Any CPU
		{A84C06BF-AA9D-386E-A8F7-2D86DFD12C3D}.Development|Win64.ActiveCfg = Development|Any CPU
		{A84C06BF-AA9D-386E-A8F7-2D86DFD12C3D}.Development|Win64.Build.0 = Development|Any CPU
		{A84C06BF-AA9D-386E-A8F7-2D86DFD12C3D}.Shipping|Win64.ActiveCfg = Development|Any CPU
		{A84C06BF-AA9D-386E-A8F7-2D86DFD12C3D}.Shipping|Win64.Build.0 = Development|Any CPU
		{41C24E54-2098-37F1-A28C-BA747999CE9D}.DebugGame Editor|Win64.ActiveCfg = Development|Any CPU
		{41C24E54-2098-37F1-A28C-BA747999CE9D}.DebugGame Editor|Win64.Build.0 = Development|Any CPU
		{41C24E54-2098-37F1-A28C-BA747999CE9D}.DebugGame|Win64.ActiveCfg = Development|Any CPU
		{41C24E54-2098-37F1-A28C-BA747999CE9D}.DebugGame|Win64.Build.0 = Development|Any CPU
		{41C24E54-2098-37F1-A28C-BA747999CE9D}.Development Editor|Win64.ActiveCfg = Development|Any CPU
		{41C24E54-2098-37F1-A28C-BA747999CE9D}.Development Editor|Win64.Build.0 = Development|Any CPU
		{41C24E54-2098-37F1-A28C-BA747999CE9D}.Development|Win64.ActiveCfg = Development|Any CPU
		{41C24E54-2098-37F1-A28C-BA747999CE9D}.Development|Win64.Build.0 = Development|Any CPU
		{41C24E54-2098-37F1-A28C-BA747999CE9D}.Shipping|Win64.ActiveCfg = Development|Any CPU
		{41C24E54-2098-37F1-A28C-BA747999CE9D}.Shipping|Win64.Build.0 = Development|Any CPU
		{6293DC11-2453-3BB3-9BE9-45217B2A381A}.DebugGame Editor|Win64.ActiveCfg = Development|Any CPU
		{6293DC11-2453-3BB3-9BE9-45217B2A381A}.DebugGame Editor|Win64.Build.0 = Development|Any CPU
		{6293DC11-2453-3BB3-9BE9-45217B2A381A}.DebugGame|Win64.ActiveCfg = Development|Any CPU
		{6293DC11-2453-3BB3-9BE9-45217B2A381A}.DebugGame|Win64.Build.0 = Development|Any CPU
		{6293DC11-2453-3BB3-9BE9-45217B2A381A}.Development Editor|Win64.ActiveCfg = Development|Any CPU
		{6293DC11-2453-3BB3-9BE9-45217B2A381A}.Development Editor|Win64.Build.0 = Development|Any CPU
		{6293DC11-2453-3BB3-9BE9-45217B2A381A}.Development|Win64.ActiveCfg = Development|Any CPU
		{6293DC11-2453-3BB3-9BE9-45217B2A381A}.Development|Win64.Build.0 = Development|Any CPU
		{6293DC11-2453-3BB3-9BE9-45217B2A381A}.Shipping|Win64.ActiveCfg = Development|Any CPU
		{6293DC11-2453-3BB3-9BE9-45217B2A381A}.Shipping|Win64.Build.0 = Development|Any CPU
		{D3150E28-7CC8-39F5-B910-B840EBA3BAD2}.DebugGame Editor|Win64.ActiveCfg = Development|Any CPU
		{D3150E28-7CC8-39F5-B910-B840EBA3BAD2}.DebugGame Editor|Win64.Build.0 = Development|Any CPU
		{D3150E28-7CC8-39F5-B910-B840EBA3BAD2}.DebugGame|Win64.ActiveCfg = Development|Any CPU
		{D3150E28-7CC8-39F5-B910-B840EBA3BAD2}.DebugGame|Win64.Build.0 = Development|Any CPU
		{D3150E28-7CC8-39F5-B910-B840EBA3BAD2}.Development Editor|Win64.ActiveCfg = Development|Any CPU
		{D3150E28-7CC8-39F5-B910-B840EBA3BAD2}.Development Editor|Win64.Build.0 = Development|Any CPU
		{D3150E28-7CC8-39F5-B910-B840EBA3BAD2}.Development|Win64.ActiveCfg = Development|Any CPU
		{D3150E28-7CC8-39F5-B910-B840EBA3BAD2}.Development|Win64.Build.0 = Development|Any CPU
		{D3150E28-7CC8-39F5-B910-B840EBA3BAD2}.Shipping|Win64.ActiveCfg = Development|Any CPU
		{D3150E28-7CC8-39F5-B910-B840EBA3BAD2}.Shipping|Win64.Build.0 = Development|Any CPU
		{767DC152-702A-3EC5-9353-69EB81D4022C}.DebugGame Editor|Win64.ActiveCfg = Development|Any CPU
		{767DC152-702A-3EC5-9353-69EB81D4022C}.DebugGame Editor|Win64.Build.0 = Development|Any CPU
		{767DC152-702A-3EC5-9353-69EB81D4022C}.DebugGame|Win64.ActiveCfg = Development|Any CPU
		{767DC152-702A-3EC5-9353-69EB81D4022C}.DebugGame|Win64.Build.0 = Development|Any CPU
		{767DC152-702A-3EC5-9353-69EB81D4022C}.Development Editor|Win64.ActiveCfg = Development|Any CPU
		{767DC152-702A-3EC5-9353-69EB81D4022C}.Development Editor|Win64.Build.0 = Development|Any CPU
		{767DC152-702A-3EC5-9353-69EB81D4022C}.Development|Win64.ActiveCfg = Development|Any CPU
		{767DC152-702A-3EC5-9353-69EB81D4022C}.Development|Win64.Build.0 = Development|Any CPU
		{767DC152-702A-3EC5-9353-69EB81D4022C}.Shipping|Win64.ActiveCfg = Development|Any CPU
		{767DC152-702A-3EC5-9353-69EB81D4022C}.Shipping|Win64.Build.0 = Development|Any CPU
		{007DD94C-B267-3E3D-8DE9-68F5462DF9BD}.DebugGame Editor|Win64.ActiveCfg = Development|Any CPU
		{007DD94C-B267-3E3D-8DE9-68F5462DF9BD}.DebugGame Editor|Win64.Build.0 = Development|Any CPU
		{007DD94C-B267-3E3D-8DE9-68F5462DF9BD}.DebugGame|Win64.ActiveCfg = Development|Any CPU
		{007DD94C-B267-3E3D-8DE9-68F5462DF9BD}.DebugGame|Win64.Build.0 = Development|Any CPU
		{007DD94C-B267-3E3D-8DE9-68F5462DF9BD}.Development Editor|Win64.ActiveCfg = Development|Any CPU
		{007DD94C-B267-3E3D-8DE9-68F5462DF9BD}.Development Editor|Win64.Build.0 = Development|Any CPU
		{007DD94C-B267-3E3D-8DE9-68F5462DF9BD}.Development|Win64.ActiveCfg = Development|Any CPU
		{007DD94C-B267-3E3D-8DE9-68F5462DF9BD}.Development|Win64.Build.0 = Development|Any CPU
		{007DD94C-B267-3E3D-8DE9-68F5462DF9BD}.Shipping|Win64.ActiveCfg = Development|Any CPU
		{007DD94C-B267-3E3D-8DE9-68F5462DF9BD}.Shipping|Win64.Build.0 = Development|Any CPU
		{79E63EBD-AE0B-3E8A-A9D9-2C807CA3839D}.DebugGame Editor|Win64.ActiveCfg = Development|Any CPU
		{79E63EBD-AE0B-3E8A-A9D9-2C807CA3839D}.DebugGame Editor|Win64.Build.0 = Development|Any CPU
		{79E63EBD-AE0B-3E8A-A9D9-2C807CA3839D}.DebugGame|Win64.ActiveCfg = Development|Any CPU
		{79E63EBD-AE0B-3E8A-A9D9-2C807CA3839D}.DebugGame|Win64.Build.0 = Development|Any CPU
		{79E63EBD-AE0B-3E8A-A9D9-2C807CA3839D}.Development Editor|Win64.ActiveCfg = Development|Any CPU
		{79E63EBD-AE0B-3E8A-A9D9-2C807CA3839D}.Development Editor|Win64.Build.0 = Development|Any CPU
		{79E63EBD-AE0B-3E8A-A9D9-2C807CA3839D}.Development|Win64.ActiveCfg = Development|Any CPU
		{79E63EBD-AE0B-3E8A-A9D9-2C807CA3839D}.Development|Win64.Build.0 = Development|Any CPU
		{79E63EBD-AE0B-3E8A-A9D9-2C807CA3839D}.Shipping|Win64.ActiveCfg = Development|Any CPU
		{79E63EBD-AE0B-3E8A-A9D9-2C807CA3839D}.Shipping|Win64.Build.0 = Development|Any CPU
		{11091C7B-250E-3374-A15A-9CFB10B6E5AC}.DebugGame Editor|Win64.ActiveCfg = Development|Any CPU
		{11091C7B-250E-3374-A15A-9CFB10B6E5AC}.DebugGame Editor|Win64.Build.0 = Development|Any CPU
		{11091C7B-250E-3374-A15A-9CFB10B6E5AC}.DebugGame|Win64.ActiveCfg = Development|Any CPU
		{11091C7B-250E-3374-A15A-9CFB10B6E5AC}.DebugGame|Win64.Build.0 = Development|Any CPU
		{11091C7B-250E-3374-A15A-9CFB10B6E5AC}.Development Editor|Win64.ActiveCfg = Development|Any CPU
		{11091C7B-250E-3374-A15A-9CFB10B6E5AC}.Development Editor|Win64.Build.0 = Development|Any CPU
		{11091C7B-250E-3374-A15A-9CFB10B6E5AC}.Development|Win64.ActiveCfg = Development|Any CPU
		{11091C7B-250E-3374-A15A-9CFB10B6E5AC}.Development|Win64.Build.0 = Development|Any CPU
		{11091C7B-250E-3374-A15A-9CFB10B6E5AC}.Shipping|Win64.ActiveCfg = Development|Any CPU
		{11091C7B-250E-3374-A15A-9CFB10B6E5AC}.Shipping|Win64.Build.0 = Development|Any CPU
		{1B2E16F9-1FAD-3B30-9495-83EF367AAA26}.DebugGame Editor|Win64.ActiveCfg = Development|Any CPU
		{1B2E16F9-1FAD-3B30-9495-83EF367AAA26}.DebugGame Editor|Win64.Build.0 = Development|Any CPU
		{1B2E16F9-1FAD-3B30-9495-83EF367AAA26}.DebugGame|Win64.ActiveCfg = Development|Any CPU
		{1B2E16F9-1FAD-3B30-9495-83EF367AAA26}.DebugGame|Win64.Build.0 = Development|Any CPU
		{1B2E16F9-1FAD-3B30-9495-83EF367AAA26}.Development Editor|Win64.ActiveCfg = Development|Any CPU
		{1B2E16F9-1FAD-3B30-9495-83EF367AAA26}.Development Editor|Win64.Build.0 = Development|Any CPU
		{1B2E16F9-1FAD-3B30-9495-83EF367AAA26}.Development|Win64.ActiveCfg = Development|Any CPU
		{1B2E16F9-1FAD-3B30-9495-83EF367AAA26}.Development|Win64.Build.0 = Development|Any CPU
		{1B2E16F9-1FAD-3B30-9495-83EF367AAA26}.Shipping|Win64.ActiveCfg = Development|Any CPU
		{1B2E16F9-1FAD-3B30-9495-83EF367AAA26}.Shipping|Win64.Build.0 = Development|Any CPU
		{08D212FC-6D87-3F8B-A973-F3258A73BE13}.DebugGame Editor|Win64.ActiveCfg = Development|Any CPU
		{08D212FC-6D87-3F8B-A973-F3258A73BE13}.DebugGame Editor|Win64.Build.0 = Development|Any CPU
		{08D212FC-6D87-3F8B-A973-F3258A73BE13}.DebugGame|Win64.ActiveCfg = Development|Any CPU
		{08D212FC-6D87-3F8B-A973-F3258A73BE13}.DebugGame|Win64.Build.0 = Development|Any CPU
		{08D212FC-6D87-3F8B-A973-F3258A73BE13}.Development Editor|Win64.ActiveCfg = Development|Any CPU
		{08D212FC-6D87-3F8B-A973-F3258A73BE13}.Development Editor|Win64.Build.0 = Development|Any CPU
		{08D212FC-6D87-3F8B-A973-F3258A73BE13}.Development|Win64.ActiveCfg = Development|Any CPU
		{08D212FC-6D87-3F8B-A973-F3258A73BE13}.Development|Win64.Build.0 = Development|Any CPU
		{08D212FC-6D87-3F8B-A973-F3258A73BE13}.Shipping|Win64.ActiveCfg = Development|Any CPU
		{08D212FC-6D87-3F8B-A973-F3258A73BE13}.Shipping|Win64.Build.0 = Development|Any CPU
		{5EDCC8B2-9589-3323-8393-7029E58F7A07}.DebugGame Editor|Win64.ActiveCfg = Development|Any CPU
		{5EDCC8B2-9589-3323-8393-7029E58F7A07}.DebugGame Editor|Win64.Build.0 = Development|Any CPU
		{5EDCC8B2-9589-3323-8393-7029E58F7A07}.DebugGame|Win64.ActiveCfg = Development|Any CPU
		{5EDCC8B2-9589-3323-8393-7029E58F7A07}.DebugGame|Win64.Build.0 = Development|Any CPU
		{5EDCC8B2-9589-3323-8393-7029E58F7A07}.Development Editor|Win64.ActiveCfg = Development|Any CPU
		{5EDCC8B2-9589-3323-8393-7029E58F7A07}.Development Editor|Win64.Build.0 = Development|Any CPU
		{5EDCC8B2-9589-3323-8393-7029E58F7A07}.Development|Win64.ActiveCfg = Development|Any CPU
		{5EDCC8B2-9589-3323-8393-7029E58F7A07}.Development|Win64.Build.0 = Development|Any CPU
		{5EDCC8B2-9589-3323-8393-7029E58F7A07}.Shipping|Win64.ActiveCfg = Development|Any CPU
		{5EDCC8B2-9589-3323-8393-7029E58F7A07}.Shipping|Win64.Build.0 = Development|Any CPU
		{50C306EC-22AE-3277-9DFC-01C8203FC12B}.DebugGame Editor|Win64.ActiveCfg = Development|Any CPU
		{50C306EC-22AE-3277-9DFC-01C8203FC12B}.DebugGame Editor|Win64.Build.0 = Development|Any CPU
		{50C306EC-22AE-3277-9DFC-01C8203FC12B}.DebugGame|Win64.ActiveCfg = Development|Any CPU
		{50C306EC-22AE-3277-9DFC-01C8203FC12B}.DebugGame|Win64.Build.0 = Development|Any CPU
		{50C306EC-22AE-3277-9DFC-01C8203FC12B}.Development Editor|Win64.ActiveCfg = Development|Any CPU
		{50C306EC-22AE-3277-9DFC-01C8203FC12B}.Development Editor|Win64.Build.0 = Development|Any CPU
		{50C306EC-22AE-3277-9DFC-01C8203FC12B}.Development|Win64.ActiveCfg = Development|Any CPU
		{50C306EC-22AE-3277-9DFC-01C8203FC12B}.Development|Win64.Build.0 = Development|Any CPU
		{50C306EC-22AE-3277-9DFC-01C8203FC12B}.Shipping|Win64.ActiveCfg = Development|Any CPU
		{50C306EC-22AE-3277-9DFC-01C8203FC12B}.Shipping|Win64.Build.0 = Development|Any CPU
		{4ECF0E89-651F-3FF1-8C41-915D9B23C23B}.DebugGame Editor|Win64.ActiveCfg = Development|Any CPU
		{4ECF0E89-651F-3FF1-8C41-915D9B23C23B}.DebugGame Editor|Win64.Build.0 = Development|Any CPU
		{4ECF0E89-651F-3FF1-8C41-915D9B23C23B}.DebugGame|Win64.ActiveCfg = Development|Any CPU
		{4ECF0E89-651F-3FF1-8C41-915D9B23C23B}.DebugGame|Win64.Build.0 = Development|Any CPU
		{4ECF0E89-651F-3FF1-8C41-915D9B23C23B}.Development Editor|Win64.ActiveCfg = Development|Any CPU
		{4ECF0E89-651F-3FF1-8C41-915D9B23C23B}.Development Editor|Win64.Build.0 = Development|Any CPU
		{4ECF0E89-651F-3FF1-8C41-915D9B23C23B}.Development|Win64.ActiveCfg = Development|Any CPU
		{4ECF0E89-651F-3FF1-8C41-915D9B23C23B}.Development|Win64.Build.0 = Development|Any CPU
		{4ECF0E89-651F-3FF1-8C41-915D9B23C23B}.Shipping|Win64.ActiveCfg = Development|Any CPU
		{4ECF0E89-651F-3FF1-8C41-915D9B23C23B}.Shipping|Win64.Build.0 = Development|Any CPU
		{754C9439-1064-37F3-9392-5FEB1A66EE83}.DebugGame Editor|Win64.ActiveCfg = Development|Any CPU
		{754C9439-1064-37F3-9392-5FEB1A66EE83}.DebugGame Editor|Win64.Build.0 = Development|Any CPU
		{754C9439-1064-37F3-9392-5FEB1A66EE83}.DebugGame|Win64.ActiveCfg = Development|Any CPU
		{754C9439-1064-37F3-9392-5FEB1A66EE83}.DebugGame|Win64.Build.0 = Development|Any CPU
		{754C9439-1064-37F3-9392-5FEB1A66EE83}.Development Editor|Win64.ActiveCfg = Development|Any CPU
		{754C9439-1064-37F3-9392-5FEB1A66EE83}.Development Editor|Win64.Build.0 = Development|Any CPU
		{754C9439-1064-37F3-9392-5FEB1A66EE83}.Development|Win64.ActiveCfg = Development|Any CPU
		{754C9439-1064-37F3-9392-5FEB1A66EE83}.Development|Win64.Build.0 = Development|Any CPU
		{754C9439-1064-37F3-9392-5FEB1A66EE83}.Shipping|Win64.ActiveCfg = Development|Any CPU
		{754C9439-1064-37F3-9392-5FEB1A66EE83}.Shipping|Win64.Build.0 = Development|Any CPU
		{92637B05-F5BE-304F-A4D2-C420590E3E9A}.DebugGame Editor|Win64.ActiveCfg = Development|Any CPU
		{92637B05-F5BE-304F-A4D2-C420590E3E9A}.DebugGame Editor|Win64.Build.0 = Development|Any CPU
		{92637B05-F5BE-304F-A4D2-C420590E3E9A}.DebugGame|Win64.ActiveCfg = Development|Any CPU
		{92637B05-F5BE-304F-A4D2-C420590E3E9A}.DebugGame|Win64.Build.0 = Development|Any CPU
		{92637B05-F5BE-304F-A4D2-C420590E3E9A}.Development Editor|Win64.ActiveCfg = Development|Any CPU
		{92637B05-F5BE-304F-A4D2-C420590E3E9A}.Development Editor|Win64.Build.0 = Development|Any CPU
		{92637B05-F5BE-304F-A4D2-C420590E3E9A}.Development|Win64.ActiveCfg = Development|Any CPU
		{92637B05-F5BE-304F-A4D2-C420590E3E9A}.Development|Win64.Build.0 = Development|Any CPU
		{92637B05-F5BE-304F-A4D2-C420590E3E9A}.Shipping|Win64.ActiveCfg = Development|Any CPU
		{92637B05-F5BE-304F-A4D2-C420590E3E9A}.Shipping|Win64.Build.0 = Development|Any CPU
		{FA058199-C741-3FB3-AF87-CF19C5C432A5}.DebugGame Editor|Win64.ActiveCfg = Development|Any CPU
		{FA058199-C741-3FB3-AF87-CF19C5C432A5}.DebugGame Editor|Win64.Build.0 = Development|Any CPU
		{FA058199-C741-3FB3-AF87-CF19C5C432A5}.DebugGame|Win64.ActiveCfg = Development|Any CPU
		{FA058199-C741-3FB3-AF87-CF19C5C432A5}.DebugGame|Win64.Build.0 = Development|Any CPU
		{FA058199-C741-3FB3-AF87-CF19C5C432A5}.Development Editor|Win64.ActiveCfg = Development|Any CPU
		{FA058199-C741-3FB3-AF87-CF19C5C432A5}.Development Editor|Win64.Build.0 = Development|Any CPU
		{FA058199-C741-3FB3-AF87-CF19C5C432A5}.Development|Win64.ActiveCfg = Development|Any CPU
		{FA058199-C741-3FB3-AF87-CF19C5C432A5}.Development|Win64.Build.0 = Development|Any CPU
		{FA058199-C741-3FB3-AF87-CF19C5C432A5}.Shipping|Win64.ActiveCfg = Development|Any CPU
		{FA058199-C741-3FB3-AF87-CF19C5C432A5}.Shipping|Win64.Build.0 = Development|Any CPU
		{FA040A3C-39B2-33D3-9B93-22AEF9274845}.DebugGame Editor|Win64.ActiveCfg = Development|Any CPU
		{FA040A3C-39B2-33D3-9B93-22AEF9274845}.DebugGame Editor|Win64.Build.0 = Development|Any CPU
		{FA040A3C-39B2-33D3-9B93-22AEF9274845}.DebugGame|Win64.ActiveCfg = Development|Any CPU
		{FA040A3C-39B2-33D3-9B93-22AEF9274845}.DebugGame|Win64.Build.0 = Development|Any CPU
		{FA040A3C-39B2-33D3-9B93-22AEF9274845}.Development Editor|Win64.ActiveCfg = Development|Any CPU
		{FA040A3C-39B2-33D3-9B93-22AEF9274845}.Development Editor|Win64.Build.0 = Development|Any CPU
		{FA040A3C-39B2-33D3-9B93-22AEF9274845}.Development|Win64.ActiveCfg = Development|Any CPU
		{FA040A3C-39B2-33D3-9B93-22AEF9274845}.Development|Win64.Build.0 = Development|Any CPU
		{FA040A3C-39B2-33D3-9B93-22AEF9274845}.Shipping|Win64.ActiveCfg = Development|Any CPU
		{FA040A3C-39B2-33D3-9B93-22AEF9274845}.Shipping|Win64.Build.0 = Development|Any CPU
		{CA1ED7AF-E092-39A3-8A1E-4159C1F7E469}.DebugGame Editor|Win64.ActiveCfg = Development|Any CPU
		{CA1ED7AF-E092-39A3-8A1E-4159C1F7E469}.DebugGame Editor|Win64.Build.0 = Development|Any CPU
		{CA1ED7AF-E092-39A3-8A1E-4159C1F7E469}.DebugGame|Win64.ActiveCfg = Development|Any CPU
		{CA1ED7AF-E092-39A3-8A1E-4159C1F7E469}.DebugGame|Win64.Build.0 = Development|Any CPU
		{CA1ED7AF-E092-39A3-8A1E-4159C1F7E469}.Development Editor|Win64.ActiveCfg = Development|Any CPU
		{CA1ED7AF-E092-39A3-8A1E-4159C1F7E469}.Development Editor|Win64.Build.0 = Development|Any CPU
		{CA1ED7AF-E092-39A3-8A1E-4159C1F7E469}.Development|Win64.ActiveCfg = Development|Any CPU
		{CA1ED7AF-E092-39A3-8A1E-4159C1F7E469}.Development|Win64.Build.0 = Development|Any CPU
		{CA1ED7AF-E092-39A3-8A1E-4159C1F7E469}.Shipping|Win64.ActiveCfg = Development|Any CPU
		{CA1ED7AF-E092-39A3-8A1E-4159C1F7E469}.Shipping|Win64.Build.0 = Development|Any CPU
		{5975686E-480D-38D2-8EFC-11A44A6DC7C9}.DebugGame Editor|Win64.ActiveCfg = Development|Any CPU
		{5975686E-480D-38D2-8EFC-11A44A6DC7C9}.DebugGame Editor|Win64.Build.0 = Development|Any CPU
		{5975686E-480D-38D2-8EFC-11A44A6DC7C9}.DebugGame|Win64.ActiveCfg = Development|Any CPU
		{5975686E-480D-38D2-8EFC-11A44A6DC7C9}.DebugGame|Win64.Build.0 = Development|Any CPU
		{5975686E-480D-38D2-8EFC-11A44A6DC7C9}.Development Editor|Win64.ActiveCfg = Development|Any CPU
		{5975686E-480D-38D2-8EFC-11A44A6DC7C9}.Development Editor|Win64.Build.0 = Development|Any CPU
		{5975686E-480D-38D2-8EFC-11A44A6DC7C9}.Development|Win64.ActiveCfg = Development|Any CPU
		{5975686E-480D-38D2-8EFC-11A44A6DC7C9}.Development|Win64.Build.0 = Development|Any CPU
		{5975686E-480D-38D2-8EFC-11A44A6DC7C9}.Shipping|Win64.ActiveCfg = Development|Any CPU
		{5975686E-480D-38D2-8EFC-11A44A6DC7C9}.Shipping|Win64.Build.0 = Development|Any CPU
		{803D91FA-E6EE-378E-B7A0-D29B47B2140C}.DebugGame Editor|Win64.ActiveCfg = Development|Any CPU
		{803D91FA-E6EE-378E-B7A0-D29B47B2140C}.DebugGame Editor|Win64.Build.0 = Development|Any CPU
		{803D91FA-E6EE-378E-B7A0-D29B47B2140C}.DebugGame|Win64.ActiveCfg = Development|Any CPU
		{803D91FA-E6EE-378E-B7A0-D29B47B2140C}.DebugGame|Win64.Build.0 = Development|Any CPU
		{803D91FA-E6EE-378E-B7A0-D29B47B2140C}.Development Editor|Win64.ActiveCfg = Development|Any CPU
		{803D91FA-E6EE-378E-B7A0-D29B47B2140C}.Development Editor|Win64.Build.0 = Development|Any CPU
		{803D91FA-E6EE-378E-B7A0-D29B47B2140C}.Development|Win64.ActiveCfg = Development|Any CPU
		{803D91FA-E6EE-378E-B7A0-D29B47B2140C}.Development|Win64.Build.0 = Development|Any CPU
		{803D91FA-E6EE-378E-B7A0-D29B47B2140C}.Shipping|Win64.ActiveCfg = Development|Any CPU
		{803D91FA-E6EE-378E-B7A0-D29B47B2140C}.Shipping|Win64.Build.0 = Development|Any CPU
		{66EB05B0-239F-3F2B-B5FE-46657F2F8B2D}.DebugGame Editor|Win64.ActiveCfg = Development|Any CPU
		{66EB05B0-239F-3F2B-B5FE-46657F2F8B2D}.DebugGame Editor|Win64.Build.0 = Development|Any CPU
		{66EB05B0-239F-3F2B-B5FE-46657F2F8B2D}.DebugGame|Win64.ActiveCfg = Development|Any CPU
		{66EB05B0-239F-3F2B-B5FE-46657F2F8B2D}.DebugGame|Win64.Build.0 = Development|Any CPU
		{66EB05B0-239F-3F2B-B5FE-46657F2F8B2D}.Development Editor|Win64.ActiveCfg = Development|Any CPU
		{66EB05B0-239F-3F2B-B5FE-46657F2F8B2D}.Development Editor|Win64.Build.0 = Development|Any CPU
		{66EB05B0-239F-3F2B-B5FE-46657F2F8B2D}.Development|Win64.ActiveCfg = Development|Any CPU
		{66EB05B0-239F-3F2B-B5FE-46657F2F8B2D}.Development|Win64.Build.0 = Development|Any CPU
		{66EB05B0-239F-3F2B-B5FE-46657F2F8B2D}.Shipping|Win64.ActiveCfg = Development|Any CPU
		{66EB05B0-239F-3F2B-B5FE-46657F2F8B2D}.Shipping|Win64.Build.0 = Development|Any CPU
		{90DBEC43-E609-32F8-A6B7-D8C5326EF1A7}.DebugGame Editor|Win64.ActiveCfg = Development|Any CPU
		{90DBEC43-E609-32F8-A6B7-D8C5326EF1A7}.DebugGame Editor|Win64.Build.0 = Development|Any CPU
		{90DBEC43-E609-32F8-A6B7-D8C5326EF1A7}.DebugGame|Win64.ActiveCfg = Development|Any CPU
		{90DBEC43-E609-32F8-A6B7-D8C5326EF1A7}.DebugGame|Win64.Build.0 = Development|Any CPU
		{90DBEC43-E609-32F8-A6B7-D8C5326EF1A7}.Development Editor|Win64.ActiveCfg = Development|Any CPU
		{90DBEC43-E609-32F8-A6B7-D8C5326EF1A7}.Development Editor|Win64.Build.0 = Development|Any CPU
		{90DBEC43-E609-32F8-A6B7-D8C5326EF1A7}.Development|Win64.ActiveCfg = Development|Any CPU
		{90DBEC43-E609-32F8-A6B7-D8C5326EF1A7}.Development|Win64.Build.0 = Development|Any CPU
		{90DBEC43-E609-32F8-A6B7-D8C5326EF1A7}.Shipping|Win64.ActiveCfg = Development|Any CPU
		{90DBEC43-E609-32F8-A6B7-D8C5326EF1A7}.Shipping|Win64.Build.0 = Development|Any CPU
		{A0C6035C-68B3-3BFD-B6E3-7F9797680B76}.DebugGame Editor|Win64.ActiveCfg = Development|Any CPU
		{A0C6035C-68B3-3BFD-B6E3-7F9797680B76}.DebugGame Editor|Win64.Build.0 = Development|Any CPU
		{A0C6035C-68B3-3BFD-B6E3-7F9797680B76}.DebugGame|Win64.ActiveCfg = Development|Any CPU
		{A0C6035C-68B3-3BFD-B6E3-7F9797680B76}.DebugGame|Win64.Build.0 = Development|Any CPU
		{A0C6035C-68B3-3BFD-B6E3-7F9797680B76}.Development Editor|Win64.ActiveCfg = Development|Any CPU
		{A0C6035C-68B3-3BFD-B6E3-7F9797680B76}.Development Editor|Win64.Build.0 = Development|Any CPU
		{A0C6035C-68B3-3BFD-B6E3-7F9797680B76}.Development|Win64.ActiveCfg = Development|Any CPU
		{A0C6035C-68B3-3BFD-B6E3-7F9797680B76}.Development|Win64.Build.0 = Development|Any CPU
		{A0C6035C-68B3-3BFD-B6E3-7F9797680B76}.Shipping|Win64.ActiveCfg = Development|Any CPU
		{A0C6035C-68B3-3BFD-B6E3-7F9797680B76}.Shipping|Win64.Build.0 = Development|Any CPU
		{EBD9901C-A250-3C73-8A89-8ED97CB12E73}.DebugGame Editor|Win64.ActiveCfg = Development|Any CPU
		{EBD9901C-A250-3C73-8A89-8ED97CB12E73}.DebugGame Editor|Win64.Build.0 = Development|Any CPU
		{EBD9901C-A250-3C73-8A89-8ED97CB12E73}.DebugGame|Win64.ActiveCfg = Development|Any CPU
		{EBD9901C-A250-3C73-8A89-8ED97CB12E73}.DebugGame|Win64.Build.0 = Development|Any CPU
		{EBD9901C-A250-3C73-8A89-8ED97CB12E73}.Development Editor|Win64.ActiveCfg = Development|Any CPU
		{EBD9901C-A250-3C73-8A89-8ED97CB12E73}.Development Editor|Win64.Build.0 = Development|Any CPU
		{EBD9901C-A250-3C73-8A89-8ED97CB12E73}.Development|Win64.ActiveCfg = Development|Any CPU
		{EBD9901C-A250-3C73-8A89-8ED97CB12E73}.Development|Win64.Build.0 = Development|Any CPU
		{EBD9901C-A250-3C73-8A89-8ED97CB12E73}.Shipping|Win64.ActiveCfg = Development|Any CPU
		{EBD9901C-A250-3C73-8A89-8ED97CB12E73}.Shipping|Win64.Build.0 = Development|Any CPU
		{F7A33318-99F5-3746-A175-759E71D0B6DB}.DebugGame Editor|Win64.ActiveCfg = Development|Any CPU
		{F7A33318-99F5-3746-A175-759E71D0B6DB}.DebugGame Editor|Win64.Build.0 = Development|Any CPU
		{F7A33318-99F5-3746-A175-759E71D0B6DB}.DebugGame|Win64.ActiveCfg = Development|Any CPU
		{F7A33318-99F5-3746-A175-759E71D0B6DB}.DebugGame|Win64.Build.0 = Development|Any CPU
		{F7A33318-99F5-3746-A175-759E71D0B6DB}.Development Editor|Win64.ActiveCfg = Development|Any CPU
		{F7A33318-99F5-3746-A175-759E71D0B6DB}.Development Editor|Win64.Build.0 = Development|Any CPU
		{F7A33318-99F5-3746-A175-759E71D0B6DB}.Development|Win64.ActiveCfg = Development|Any CPU
		{F7A33318-99F5-3746-A175-759E71D0B6DB}.Development|Win64.Build.0 = Development|Any CPU
		{F7A33318-99F5-3746-A175-759E71D0B6DB}.Shipping|Win64.ActiveCfg = Development|Any CPU
		{F7A33318-99F5-3746-A175-759E71D0B6DB}.Shipping|Win64.Build.0 = Development|Any CPU
		{1FE3C555-9F6A-301E-95D3-868414A85FE6}.DebugGame Editor|Win64.ActiveCfg = Development|Any CPU
		{1FE3C555-9F6A-301E-95D3-868414A85FE6}.DebugGame Editor|Win64.Build.0 = Development|Any CPU
		{1FE3C555-9F6A-301E-95D3-868414A85FE6}.DebugGame|Win64.ActiveCfg = Development|Any CPU
		{1FE3C555-9F6A-301E-95D3-868414A85FE6}.DebugGame|Win64.Build.0 = Development|Any CPU
		{1FE3C555-9F6A-301E-95D3-868414A85FE6}.Development Editor|Win64.ActiveCfg = Development|Any CPU
		{1FE3C555-9F6A-301E-95D3-868414A85FE6}.Development Editor|Win64.Build.0 = Development|Any CPU
		{1FE3C555-9F6A-301E-95D3-868414A85FE6}.Development|Win64.ActiveCfg = Development|Any CPU
		{1FE3C555-9F6A-301E-95D3-868414A85FE6}.Development|Win64.Build.0 = Development|Any CPU
		{1FE3C555-9F6A-301E-95D3-868414A85FE6}.Shipping|Win64.ActiveCfg = Development|Any CPU
		{1FE3C555-9F6A-301E-95D3-868414A85FE6}.Shipping|Win64.Build.0 = Development|Any CPU
		{EA49F7AB-9AB4-3541-BED0-044DBCF4C863}.DebugGame Editor|Win64.ActiveCfg = Development|Any CPU
		{EA49F7AB-9AB4-3541-BED0-044DBCF4C863}.DebugGame Editor|Win64.Build.0 = Development|Any CPU
		{EA49F7AB-9AB4-3541-BED0-044DBCF4C863}.DebugGame|Win64.ActiveCfg = Development|Any CPU
		{EA49F7AB-9AB4-3541-BED0-044DBCF4C863}.DebugGame|Win64.Build.0 = Development|Any CPU
		{EA49F7AB-9AB4-3541-BED0-044DBCF4C863}.Development Editor|Win64.ActiveCfg = Development|Any CPU
		{EA49F7AB-9AB4-3541-BED0-044DBCF4C863}.Development Editor|Win64.Build.0 = Development|Any CPU
		{EA49F7AB-9AB4-3541-BED0-044DBCF4C863}.Development|Win64.ActiveCfg = Development|Any CPU
		{EA49F7AB-9AB4-3541-BED0-044DBCF4C863}.Development|Win64.Build.0 = Development|Any CPU
		{EA49F7AB-9AB4-3541-BED0-044DBCF4C863}.Shipping|Win64.ActiveCfg = Development|Any CPU
		{EA49F7AB-9AB4-3541-BED0-044DBCF4C863}.Shipping|Win64.Build.0 = Development|Any CPU
		{9796B0EF-6DF6-3EA0-9577-14FFE1AC84E9}.DebugGame Editor|Win64.ActiveCfg = Development|Any CPU
		{9796B0EF-6DF6-3EA0-9577-14FFE1AC84E9}.DebugGame Editor|Win64.Build.0 = Development|Any CPU
		{9796B0EF-6DF6-3EA0-9577-14FFE1AC84E9}.DebugGame|Win64.ActiveCfg = Development|Any CPU
		{9796B0EF-6DF6-3EA0-9577-14FFE1AC84E9}.DebugGame|Win64.Build.0 = Development|Any CPU
		{9796B0EF-6DF6-3EA0-9577-14FFE1AC84E9}.Development Editor|Win64.ActiveCfg = Development|Any CPU
		{9796B0EF-6DF6-3EA0-9577-14FFE1AC84E9}.Development Editor|Win64.Build.0 = Development|Any CPU
		{9796B0EF-6DF6-3EA0-9577-14FFE1AC84E9}.Development|Win64.ActiveCfg = Development|Any CPU
		{9796B0EF-6DF6-3EA0-9577-14FFE1AC84E9}.Development|Win64.Build.0 = Development|Any CPU
		{9796B0EF-6DF6-3EA0-9577-14FFE1AC84E9}.Shipping|Win64.ActiveCfg = Development|Any CPU
		{9796B0EF-6DF6-3EA0-9577-14FFE1AC84E9}.Shipping|Win64.Build.0 = Development|Any CPU
		{8D8A3E67-13C3-340C-9FCA-131554F224AC}.DebugGame Editor|Win64.ActiveCfg = Development|Any CPU
		{8D8A3E67-13C3-340C-9FCA-131554F224AC}.DebugGame Editor|Win64.Build.0 = Development|Any CPU
		{8D8A3E67-13C3-340C-9FCA-131554F224AC}.DebugGame|Win64.ActiveCfg = Development|Any CPU
		{8D8A3E67-13C3-340C-9FCA-131554F224AC}.DebugGame|Win64.Build.0 = Development|Any CPU
		{8D8A3E67-13C3-340C-9FCA-131554F224AC}.Development Editor|Win64.ActiveCfg = Development|Any CPU
		{8D8A3E67-13C3-340C-9FCA-131554F224AC}.Development Editor|Win64.Build.0 = Development|Any CPU
		{8D8A3E67-13C3-340C-9FCA-131554F224AC}.Development|Win64.ActiveCfg = Development|Any CPU
		{8D8A3E67-13C3-340C-9FCA-131554F224AC}.Development|Win64.Build.0 = Development|Any CPU
		{8D8A3E67-13C3-340C-9FCA-131554F224AC}.Shipping|Win64.ActiveCfg = Development|Any CPU
		{8D8A3E67-13C3-340C-9FCA-131554F224AC}.Shipping|Win64.Build.0 = Development|Any CPU
		{47C8714D-497A-349E-8C62-D56B0BC1F389}.DebugGame Editor|Win64.ActiveCfg = Development|Any CPU
		{47C8714D-497A-349E-8C62-D56B0BC1F389}.DebugGame Editor|Win64.Build.0 = Development|Any CPU
		{47C8714D-497A-349E-8C62-D56B0BC1F389}.DebugGame|Win64.ActiveCfg = Development|Any CPU
		{47C8714D-497A-349E-8C62-D56B0BC1F389}.DebugGame|Win64.Build.0 = Development|Any CPU
		{47C8714D-497A-349E-8C62-D56B0BC1F389}.Development Editor|Win64.ActiveCfg = Development|Any CPU
		{47C8714D-497A-349E-8C62-D56B0BC1F389}.Development Editor|Win64.Build.0 = Development|Any CPU
		{47C8714D-497A-349E-8C62-D56B0BC1F389}.Development|Win64.ActiveCfg = Development|Any CPU
		{47C8714D-497A-349E-8C62-D56B0BC1F389}.Development|Win64.Build.0 = Development|Any CPU
		{47C8714D-497A-349E-8C62-D56B0BC1F389}.Shipping|Win64.ActiveCfg = Development|Any CPU
		{47C8714D-497A-349E-8C62-D56B0BC1F389}.Shipping|Win64.Build.0 = Development|Any CPU
		{F5885D21-B974-3E7E-B5E4-C3E3C013598A}.DebugGame Editor|Win64.ActiveCfg = Development|Any CPU
		{F5885D21-B974-3E7E-B5E4-C3E3C013598A}.DebugGame Editor|Win64.Build.0 = Development|Any CPU
		{F5885D21-B974-3E7E-B5E4-C3E3C013598A}.DebugGame|Win64.ActiveCfg = Development|Any CPU
		{F5885D21-B974-3E7E-B5E4-C3E3C013598A}.DebugGame|Win64.Build.0 = Development|Any CPU
		{F5885D21-B974-3E7E-B5E4-C3E3C013598A}.Development Editor|Win64.ActiveCfg = Development|Any CPU
		{F5885D21-B974-3E7E-B5E4-C3E3C013598A}.Development Editor|Win64.Build.0 = Development|Any CPU
		{F5885D21-B974-3E7E-B5E4-C3E3C013598A}.Development|Win64.ActiveCfg = Development|Any CPU
		{F5885D21-B974-3E7E-B5E4-C3E3C013598A}.Development|Win64.Build.0 = Development|Any CPU
		{F5885D21-B974-3E7E-B5E4-C3E3C013598A}.Shipping|Win64.ActiveCfg = Development|Any CPU
		{F5885D21-B974-3E7E-B5E4-C3E3C013598A}.Shipping|Win64.Build.0 = Development|Any CPU
		{9B5CB3D9-61A1-35B3-A8FD-56D1D0710D20}.DebugGame Editor|Win64.ActiveCfg = Development|Any CPU
		{9B5CB3D9-61A1-35B3-A8FD-56D1D0710D20}.DebugGame Editor|Win64.Build.0 = Development|Any CPU
		{9B5CB3D9-61A1-35B3-A8FD-56D1D0710D20}.DebugGame|Win64.ActiveCfg = Development|Any CPU
		{9B5CB3D9-61A1-35B3-A8FD-56D1D0710D20}.DebugGame|Win64.Build.0 = Development|Any CPU
		{9B5CB3D9-61A1-35B3-A8FD-56D1D0710D20}.Development Editor|Win64.ActiveCfg = Development|Any CPU
		{9B5CB3D9-61A1-35B3-A8FD-56D1D0710D20}.Development Editor|Win64.Build.0 = Development|Any CPU
		{9B5CB3D9-61A1-35B3-A8FD-56D1D0710D20}.Development|Win64.ActiveCfg = Development|Any CPU
		{9B5CB3D9-61A1-35B3-A8FD-56D1D0710D20}.Development|Win64.Build.0 = Development|Any CPU
		{9B5CB3D9-61A1-35B3-A8FD-56D1D0710D20}.Shipping|Win64.ActiveCfg = Development|Any CPU
		{9B5CB3D9-61A1-35B3-A8FD-56D1D0710D20}.Shipping|Win64.Build.0 = Development|Any CPU
		{22F80578-0074-346E-A898-CA9A62279EB2}.DebugGame Editor|Win64.ActiveCfg = Development|Any CPU
		{22F80578-0074-346E-A898-CA9A62279EB2}.DebugGame Editor|Win64.Build.0 = Development|Any CPU
		{22F80578-0074-346E-A898-CA9A62279EB2}.DebugGame|Win64.ActiveCfg = Development|Any CPU
		{22F80578-0074-346E-A898-CA9A62279EB2}.DebugGame|Win64.Build.0 = Development|Any CPU
		{22F80578-0074-346E-A898-CA9A62279EB2}.Development Editor|Win64.ActiveCfg = Development|Any CPU
		{22F80578-0074-346E-A898-CA9A62279EB2}.Development Editor|Win64.Build.0 = Development|Any CPU
		{22F80578-0074-346E-A898-CA9A62279EB2}.Development|Win64.ActiveCfg = Development|Any CPU
		{22F80578-0074-346E-A898-CA9A62279EB2}.Development|Win64.Build.0 = Development|Any CPU
		{22F80578-0074-346E-A898-CA9A62279EB2}.Shipping|Win64.ActiveCfg = Development|Any CPU
		{22F80578-0074-346E-A898-CA9A62279EB2}.Shipping|Win64.Build.0 = Development|Any CPU
		{99BE4D73-D61D-3B74-B923-9760FB39CB02}.DebugGame Editor|Win64.ActiveCfg = Development|Any CPU
		{99BE4D73-D61D-3B74-B923-9760FB39CB02}.DebugGame Editor|Win64.Build.0 = Development|Any CPU
		{99BE4D73-D61D-3B74-B923-9760FB39CB02}.DebugGame|Win64.ActiveCfg = Development|Any CPU
		{99BE4D73-D61D-3B74-B923-9760FB39CB02}.DebugGame|Win64.Build.0 = Development|Any CPU
		{99BE4D73-D61D-3B74-B923-9760FB39CB02}.Development Editor|Win64.ActiveCfg = Development|Any CPU
		{99BE4D73-D61D-3B74-B923-9760FB39CB02}.Development Editor|Win64.Build.0 = Development|Any CPU
		{99BE4D73-D61D-3B74-B923-9760FB39CB02}.Development|Win64.ActiveCfg = Development|Any CPU
		{99BE4D73-D61D-3B74-B923-9760FB39CB02}.Development|Win64.Build.0 = Development|Any CPU
		{99BE4D73-D61D-3B74-B923-9760FB39CB02}.Shipping|Win64.ActiveCfg = Development|Any CPU
		{99BE4D73-D61D-3B74-B923-9760FB39CB02}.Shipping|Win64.Build.0 = Development|Any CPU
		{720F6B32-B4EC-3AD7-9695-C1DED4A281ED}.DebugGame Editor|Win64.ActiveCfg = Development|Any CPU
		{720F6B32-B4EC-3AD7-9695-C1DED4A281ED}.DebugGame Editor|Win64.Build.0 = Development|Any CPU
		{720F6B32-B4EC-3AD7-9695-C1DED4A281ED}.DebugGame|Win64.ActiveCfg = Development|Any CPU
		{720F6B32-B4EC-3AD7-9695-C1DED4A281ED}.DebugGame|Win64.Build.0 = Development|Any CPU
		{720F6B32-B4EC-3AD7-9695-C1DED4A281ED}.Development Editor|Win64.ActiveCfg = Development|Any CPU
		{720F6B32-B4EC-3AD7-9695-C1DED4A281ED}.Development Editor|Win64.Build.0 = Development|Any CPU
		{720F6B32-B4EC-3AD7-9695-C1DED4A281ED}.Development|Win64.ActiveCfg = Development|Any CPU
		{720F6B32-B4EC-3AD7-9695-C1DED4A281ED}.Development|Win64.Build.0 = Development|Any CPU
		{720F6B32-B4EC-3AD7-9695-C1DED4A281ED}.Shipping|Win64.ActiveCfg = Development|Any CPU
		{720F6B32-B4EC-3AD7-9695-C1DED4A281ED}.Shipping|Win64.Build.0 = Development|Any CPU
		{42841CE4-7B8B-3CF8-9EEE-78207EA5C627}.DebugGame Editor|Win64.ActiveCfg = Development|Any CPU
		{42841CE4-7B8B-3CF8-9EEE-78207EA5C627}.DebugGame Editor|Win64.Build.0 = Development|Any CPU
		{42841CE4-7B8B-3CF8-9EEE-78207EA5C627}.DebugGame|Win64.ActiveCfg = Development|Any CPU
		{42841CE4-7B8B-3CF8-9EEE-78207EA5C627}.DebugGame|Win64.Build.0 = Development|Any CPU
		{42841CE4-7B8B-3CF8-9EEE-78207EA5C627}.Development Editor|Win64.ActiveCfg = Development|Any CPU
		{42841CE4-7B8B-3CF8-9EEE-78207EA5C627}.Development Editor|Win64.Build.0 = Development|Any CPU
		{42841CE4-7B8B-3CF8-9EEE-78207EA5C627}.Development|Win64.ActiveCfg = Development|Any CPU
		{42841CE4-7B8B-3CF8-9EEE-78207EA5C627}.Development|Win64.Build.0 = Development|Any CPU
		{42841CE4-7B8B-3CF8-9EEE-78207EA5C627}.Shipping|Win64.ActiveCfg = Development|Any CPU
		{42841CE4-7B8B-3CF8-9EEE-78207EA5C627}.Shipping|Win64.Build.0 = Development|Any CPU
		{1D6C7DBF-B499-3A1D-84E4-4CE0B5CB2577}.DebugGame Editor|Win64.ActiveCfg = Development|Any CPU
		{1D6C7DBF-B499-3A1D-84E4-4CE0B5CB2577}.DebugGame Editor|Win64.Build.0 = Development|Any CPU
		{1D6C7DBF-B499-3A1D-84E4-4CE0B5CB2577}.DebugGame|Win64.ActiveCfg = Development|Any CPU
		{1D6C7DBF-B499-3A1D-84E4-4CE0B5CB2577}.DebugGame|Win64.Build.0 = Development|Any CPU
		{1D6C7DBF-B499-3A1D-84E4-4CE0B5CB2577}.Development Editor|Win64.ActiveCfg = Development|Any CPU
		{1D6C7DBF-B499-3A1D-84E4-4CE0B5CB2577}.Development Editor|Win64.Build.0 = Development|Any CPU
		{1D6C7DBF-B499-3A1D-84E4-4CE0B5CB2577}.Development|Win64.ActiveCfg = Development|Any CPU
		{1D6C7DBF-B499-3A1D-84E4-4CE0B5CB2577}.Development|Win64.Build.0 = Development|Any CPU
		{1D6C7DBF-B499-3A1D-84E4-4CE0B5CB2577}.Shipping|Win64.ActiveCfg = Development|Any CPU
		{1D6C7DBF-B499-3A1D-84E4-4CE0B5CB2577}.Shipping|Win64.Build.0 = Development|Any CPU
		{91EFD1D5-2102-3512-BF21-D8EC73C1569D}.DebugGame Editor|Win64.ActiveCfg = Development|Any CPU
		{91EFD1D5-2102-3512-BF21-D8EC73C1569D}.DebugGame Editor|Win64.Build.0 = Development|Any CPU
		{91EFD1D5-2102-3512-BF21-D8EC73C1569D}.DebugGame|Win64.ActiveCfg = Development|Any CPU
		{91EFD1D5-2102-3512-BF21-D8EC73C1569D}.DebugGame|Win64.Build.0 = Development|Any CPU
		{91EFD1D5-2102-3512-BF21-D8EC73C1569D}.Development Editor|Win64.ActiveCfg = Development|Any CPU
		{91EFD1D5-2102-3512-BF21-D8EC73C1569D}.Development Editor|Win64.Build.0 = Development|Any CPU
		{91EFD1D5-2102-3512-BF21-D8EC73C1569D}.Development|Win64.ActiveCfg = Development|Any CPU
		{91EFD1D5-2102-3512-BF21-D8EC73C1569D}.Development|Win64.Build.0 = Development|Any CPU
		{91EFD1D5-2102-3512-BF21-D8EC73C1569D}.Shipping|Win64.ActiveCfg = Development|Any CPU
		{91EFD1D5-2102-3512-BF21-D8EC73C1569D}.Shipping|Win64.Build.0 = Development|Any CPU
		{E0DD4A4D-4A0D-3ED1-8936-6EC0BE4046E9}.DebugGame Editor|Win64.ActiveCfg = Development|Any CPU
		{E0DD4A4D-4A0D-3ED1-8936-6EC0BE4046E9}.DebugGame Editor|Win64.Build.0 = Development|Any CPU
		{E0DD4A4D-4A0D-3ED1-8936-6EC0BE4046E9}.DebugGame|Win64.ActiveCfg = Development|Any CPU
		{E0DD4A4D-4A0D-3ED1-8936-6EC0BE4046E9}.DebugGame|Win64.Build.0 = Development|Any CPU
		{E0DD4A4D-4A0D-3ED1-8936-6EC0BE4046E9}.Development Editor|Win64.ActiveCfg = Development|Any CPU
		{E0DD4A4D-4A0D-3ED1-8936-6EC0BE4046E9}.Development Editor|Win64.Build.0 = Development|Any CPU
		{E0DD4A4D-4A0D-3ED1-8936-6EC0BE4046E9}.Development|Win64.ActiveCfg = Development|Any CPU
		{E0DD4A4D-4A0D-3ED1-8936-6EC0BE4046E9}.Development|Win64.Build.0 = Development|Any CPU
		{E0DD4A4D-4A0D-3ED1-8936-6EC0BE4046E9}.Shipping|Win64.ActiveCfg = Development|Any CPU
		{E0DD4A4D-4A0D-3ED1-8936-6EC0BE4046E9}.Shipping|Win64.Build.0 = Development|Any CPU
		{7D82E700-CB52-340D-AFEF-D8E8414ADC48}.DebugGame Editor|Win64.ActiveCfg = Development|Any CPU
		{7D82E700-CB52-340D-AFEF-D8E8414ADC48}.DebugGame Editor|Win64.Build.0 = Development|Any CPU
		{7D82E700-CB52-340D-AFEF-D8E8414ADC48}.DebugGame|Win64.ActiveCfg = Development|Any CPU
		{7D82E700-CB52-340D-AFEF-D8E8414ADC48}.DebugGame|Win64.Build.0 = Development|Any CPU
		{7D82E700-CB52-340D-AFEF-D8E8414ADC48}.Development Editor|Win64.ActiveCfg = Development|Any CPU
		{7D82E700-CB52-340D-AFEF-D8E8414ADC48}.Development Editor|Win64.Build.0 = Development|Any CPU
		{7D82E700-CB52-340D-AFEF-D8E8414ADC48}.Development|Win64.ActiveCfg = Development|Any CPU
		{7D82E700-CB52-340D-AFEF-D8E8414ADC48}.Development|Win64.Build.0 = Development|Any CPU
		{7D82E700-CB52-340D-AFEF-D8E8414ADC48}.Shipping|Win64.ActiveCfg = Development|Any CPU
		{7D82E700-CB52-340D-AFEF-D8E8414ADC48}.Shipping|Win64.Build.0 = Development|Any CPU
		{7AD75744-1B0C-33EE-9413-BBEEF8D44514}.DebugGame Editor|Win64.ActiveCfg = Development|Any CPU
		{7AD75744-1B0C-33EE-9413-BBEEF8D44514}.DebugGame Editor|Win64.Build.0 = Development|Any CPU
		{7AD75744-1B0C-33EE-9413-BBEEF8D44514}.DebugGame|Win64.ActiveCfg = Development|Any CPU
		{7AD75744-1B0C-33EE-9413-BBEEF8D44514}.DebugGame|Win64.Build.0 = Development|Any CPU
		{7AD75744-1B0C-33EE-9413-BBEEF8D44514}.Development Editor|Win64.ActiveCfg = Development|Any CPU
		{7AD75744-1B0C-33EE-9413-BBEEF8D44514}.Development Editor|Win64.Build.0 = Development|Any CPU
		{7AD75744-1B0C-33EE-9413-BBEEF8D44514}.Development|Win64.ActiveCfg = Development|Any CPU
		{7AD75744-1B0C-33EE-9413-BBEEF8D44514}.Development|Win64.Build.0 = Development|Any CPU
		{7AD75744-1B0C-33EE-9413-BBEEF8D44514}.Shipping|Win64.ActiveCfg = Development|Any CPU
		{7AD75744-1B0C-33EE-9413-BBEEF8D44514}.Shipping|Win64.Build.0 = Development|Any CPU
	EndGlobalSection
	GlobalSection(SolutionProperties) = preSolution
		HideSolutionNode = FALSE
	EndGlobalSection
	GlobalSection(NestedProjects) = preSolution
		{6CF17A03-BFAD-39E4-B7DD-18182E557EDD} = {233774A8-CC9D-3FA9-86D1-90573E92B704}
		{98CBD543-F39C-39F5-B7B8-EED6FED3E80C} = {DE1F8B53-6C02-3C13-9101-A7C8D96F3FF6}
		{9BA5C809-C4D9-3F4C-830D-610AB39710C1} = {A338B9E2-A559-34BE-A46D-F789DD488FAD}
		{185A37C7-638F-3053-B829-57EE74F660AE} = {A338B9E2-A559-34BE-A46D-F789DD488FAD}
		{0BFBE63A-B98A-3411-8EEB-8918FEC737B3} = {A338B9E2-A559-34BE-A46D-F789DD488FAD}
		{7B5CFB44-F0FB-31DF-AE62-C3C096A29A7B} = {A338B9E2-A559-34BE-A46D-F789DD488FAD}
		{57713676-9DBE-331C-AD10-26632AC9EE0C} = {A338B9E2-A559-34BE-A46D-F789DD488FAD}
		{CFE7D222-986C-393C-9316-786B55B5BD17} = {0BFBE63A-B98A-3411-8EEB-8918FEC737B3}
		{65D6584D-3B6B-3A88-9E7E-9D394EA74C83} = {0BFBE63A-B98A-3411-8EEB-8918FEC737B3}
		{A7F42749-6007-32B7-B435-F08838DF244C} = {0BFBE63A-B98A-3411-8EEB-8918FEC737B3}
		{A84C06BF-AA9D-386E-A8F7-2D86DFD12C3D} = {0BFBE63A-B98A-3411-8EEB-8918FEC737B3}
		{41C24E54-2098-37F1-A28C-BA747999CE9D} = {0BFBE63A-B98A-3411-8EEB-8918FEC737B3}
		{6293DC11-2453-3BB3-9BE9-45217B2A381A} = {0BFBE63A-B98A-3411-8EEB-8918FEC737B3}
		{D3150E28-7CC8-39F5-B910-B840EBA3BAD2} = {0BFBE63A-B98A-3411-8EEB-8918FEC737B3}
		{767DC152-702A-3EC5-9353-69EB81D4022C} = {0BFBE63A-B98A-3411-8EEB-8918FEC737B3}
		{007DD94C-B267-3E3D-8DE9-68F5462DF9BD} = {0BFBE63A-B98A-3411-8EEB-8918FEC737B3}
		{79E63EBD-AE0B-3E8A-A9D9-2C807CA3839D} = {0BFBE63A-B98A-3411-8EEB-8918FEC737B3}
		{11091C7B-250E-3374-A15A-9CFB10B6E5AC} = {0BFBE63A-B98A-3411-8EEB-8918FEC737B3}
		{1B2E16F9-1FAD-3B30-9495-83EF367AAA26} = {0BFBE63A-B98A-3411-8EEB-8918FEC737B3}
		{08D212FC-6D87-3F8B-A973-F3258A73BE13} = {0BFBE63A-B98A-3411-8EEB-8918FEC737B3}
		{5EDCC8B2-9589-3323-8393-7029E58F7A07} = {0BFBE63A-B98A-3411-8EEB-8918FEC737B3}
		{50C306EC-22AE-3277-9DFC-01C8203FC12B} = {0BFBE63A-B98A-3411-8EEB-8918FEC737B3}
		{4ECF0E89-651F-3FF1-8C41-915D9B23C23B} = {0BFBE63A-B98A-3411-8EEB-8918FEC737B3}
		{754C9439-1064-37F3-9392-5FEB1A66EE83} = {0BFBE63A-B98A-3411-8EEB-8918FEC737B3}
		{92637B05-F5BE-304F-A4D2-C420590E3E9A} = {0BFBE63A-B98A-3411-8EEB-8918FEC737B3}
		{FA058199-C741-3FB3-AF87-CF19C5C432A5} = {0BFBE63A-B98A-3411-8EEB-8918FEC737B3}
		{FA040A3C-39B2-33D3-9B93-22AEF9274845} = {0BFBE63A-B98A-3411-8EEB-8918FEC737B3}
		{CA1ED7AF-E092-39A3-8A1E-4159C1F7E469} = {7B5CFB44-F0FB-31DF-AE62-C3C096A29A7B}
		{5975686E-480D-38D2-8EFC-11A44A6DC7C9} = {57713676-9DBE-331C-AD10-26632AC9EE0C}
		{803D91FA-E6EE-378E-B7A0-D29B47B2140C} = {57713676-9DBE-331C-AD10-26632AC9EE0C}
		{66EB05B0-239F-3F2B-B5FE-46657F2F8B2D} = {57713676-9DBE-331C-AD10-26632AC9EE0C}
		{90DBEC43-E609-32F8-A6B7-D8C5326EF1A7} = {57713676-9DBE-331C-AD10-26632AC9EE0C}
		{A0C6035C-68B3-3BFD-B6E3-7F9797680B76} = {57713676-9DBE-331C-AD10-26632AC9EE0C}
		{EBD9901C-A250-3C73-8A89-8ED97CB12E73} = {57713676-9DBE-331C-AD10-26632AC9EE0C}
		{F7A33318-99F5-3746-A175-759E71D0B6DB} = {57713676-9DBE-331C-AD10-26632AC9EE0C}
		{1FE3C555-9F6A-301E-95D3-868414A85FE6} = {57713676-9DBE-331C-AD10-26632AC9EE0C}
		{EA49F7AB-9AB4-3541-BED0-044DBCF4C863} = {57713676-9DBE-331C-AD10-26632AC9EE0C}
		{9796B0EF-6DF6-3EA0-9577-14FFE1AC84E9} = {57713676-9DBE-331C-AD10-26632AC9EE0C}
		{8D8A3E67-13C3-340C-9FCA-131554F224AC} = {57713676-9DBE-331C-AD10-26632AC9EE0C}
		{47C8714D-497A-349E-8C62-D56B0BC1F389} = {57713676-9DBE-331C-AD10-26632AC9EE0C}
		{F5885D21-B974-3E7E-B5E4-C3E3C013598A} = {57713676-9DBE-331C-AD10-26632AC9EE0C}
		{9B5CB3D9-61A1-35B3-A8FD-56D1D0710D20} = {57713676-9DBE-331C-AD10-26632AC9EE0C}
		{22F80578-0074-346E-A898-CA9A62279EB2} = {57713676-9DBE-331C-AD10-26632AC9EE0C}
		{99BE4D73-D61D-3B74-B923-9760FB39CB02} = {57713676-9DBE-331C-AD10-26632AC9EE0C}
		{720F6B32-B4EC-3AD7-9695-C1DED4A281ED} = {57713676-9DBE-331C-AD10-26632AC9EE0C}
		{42841CE4-7B8B-3CF8-9EEE-78207EA5C627} = {57713676-9DBE-331C-AD10-26632AC9EE0C}
		{1D6C7DBF-B499-3A1D-84E4-4CE0B5CB2577} = {57713676-9DBE-331C-AD10-26632AC9EE0C}
		{91EFD1D5-2102-3512-BF21-D8EC73C1569D} = {57713676-9DBE-331C-AD10-26632AC9EE0C}
		{E0DD4A4D-4A0D-3ED1-8936-6EC0BE4046E9} = {C2F57ECE-B26F-39D8-BDA7-C1D40BD8F180}
		{7D82E700-CB52-340D-AFEF-D8E8414ADC48} = {C2F57ECE-B26F-39D8-BDA7-C1D40BD8F180}
		{7AD75744-1B0C-33EE-9413-BBEEF8D44514} = {C2F57ECE-B26F-39D8-BDA7-C1D40BD8F180}
	EndGlobalSection
EndGlobal
